
Microsoft Visual Studio Solution File, Format Version 12.00
# Visual Studio Version 16
VisualStudioVersion = 16.0.30907.101
MinimumVisualStudioVersion = 10.0.40219.1
Project("{FAE04EC0-301F-11D3-BF4B-00C04F79EFBC}") = "Password-Generator-v.1.0", "Password-Generator-v.1.0\Password-Generator-v.1.0.csproj", "{C5FE1BDB-BD32-46F2-A002-4286A4805F52}"
EndProject
Global
	GlobalSection(SolutionConfigurationPlatforms) = preSolution
		Debug|Any CPU = Debug|Any CPU
		Release|Any CPU = Release|Any CPU
	EndGlobalSection
	GlobalSection(ProjectConfigurationPlatforms) = postSolution
		{C5FE1BDB-BD32-46F2-A002-4286A4805F52}.Debug|Any CPU.ActiveCfg = Debug|Any CPU
		{C5FE1BDB-BD32-46F2-A002-4286A4805F52}.Debug|Any CPU.Build.0 = Debug|Any CPU
		{C5FE1BDB-BD32-46F2-A002-4286A4805F52}.Release|Any CPU.ActiveCfg = Release|Any CPU
		{C5FE1BDB-BD32-46F2-A002-4286A4805F52}.Release|Any CPU.Build.0 = Release|Any CPU
	EndGlobalSection
	GlobalSection(SolutionProperties) = preSolution
		HideSolutionNode = FALSE
	EndGlobalSection
	GlobalSection(ExtensibilityGlobals) = postSolution
		SolutionGuid = {AEF40D03-58A9-481D-B9BC-3F1843C201E3}
	EndGlobalSection
EndGlobal
